# This file is automatically @generated by Cargo.
# It is not intended for manual editing.
[[package]]
name = "cc"
version = "1.0.53"
source = "registry+https://github.com/rust-lang/crates.io-index"
checksum = "404b1fe4f65288577753b17e3b36a04596ee784493ec249bf81c7f2d2acd751c"
dependencies = [
 "jobserver",
]

[[package]]
name = "jobserver"
version = "0.1.21"
source = "registry+https://github.com/rust-lang/crates.io-index"
checksum = "5c71313ebb9439f74b00d9d2dcec36440beaf57a6aa0623068441dd7cd81a7f2"
dependencies = [
 "libc",
]

[[package]]
name = "libc"
version = "0.2.70"
source = "registry+https://github.com/rust-lang/crates.io-index"
checksum = "3baa92041a6fec78c687fa0cc2b3fae8884f743d672cf551bed1d6dac6988d0f"

[[package]]
name = "pkg-config"
version = "0.3.17"
source = "registry+https://github.com/rust-lang/crates.io-index"
checksum = "05da548ad6865900e60eaba7f589cc0783590a92e940c26953ff81ddbab2d677"

[[package]]
name = "tinyvec"
version = "0.3.3"
source = "registry+https://github.com/rust-lang/crates.io-index"
checksum = "53953d2d3a5ad81d9f844a32f14ebb121f50b650cd59d0ee2a07cf13c617efed"

[[package]]
name = "ttf-explorer"
version = "0.1.0"
dependencies = [
 "cc",
 "pkg-config",
 "tinyvec",
]
