# This file is automatically @generated by Cargo.
# It is not intended for manual editing.
[[package]]
name = "tinyvec"
version = "0.3.3"
source = "registry+https://github.com/rust-lang/crates.io-index"
checksum = "53953d2d3a5ad81d9f844a32f14ebb121f50b650cd59d0ee2a07cf13c617efed"

[[package]]
name = "ttf-explorer"
version = "0.1.0"
dependencies = [
 "tinyvec",
]
